// !$*UTF8*$!
{
	archiveVersion = 1;
	classes = {
	};
	objectVersion = 46;
	objects = {

/* Begin PBXBuildFile section */
		FC6DF2621EADB4BB003347E3 /* playsoundsviewcontroller-audio.swift in Sources */ = {isa = PBXBuildFile; fileRef = FC6DF2611EADB4BB003347E3 /* playsoundsviewcontroller-audio.swift */; };
		FCB6136F1EAAB33D009543FD /* AppDelegate.swift in Sources */ = {isa = PBXBuildFile; fileRef = FCB6136E1EAAB33D009543FD /* AppDelegate.swift */; };
		FCB613711EAAB33D009543FD /* RecordSoundsViewController.swift in Sources */ = {isa = PBXBuildFile; fileRef = FCB613701EAAB33D009543FD /* RecordSoundsViewController.swift */; };
		FCB613741EAAB33D009543FD /* Main.storyboard in Resources */ = {isa = PBXBuildFile; fileRef = FCB613721EAAB33D009543FD /* Main.storyboard */; };
		FCB613761EAAB33D009543FD /* Assets.xcassets in Resources */ = {isa = PBXBuildFile; fileRef = FCB613751EAAB33D009543FD /* Assets.xcassets */; };
		FCB613791EAAB33D009543FD /* LaunchScreen.storyboard in Resources */ = {isa = PBXBuildFile; fileRef = FCB613771EAAB33D009543FD /* LaunchScreen.storyboard */; };
		FCB613811EAC365D009543FD /* PlaySoundsViewController.swift in Sources */ = {isa = PBXBuildFile; fileRef = FCB613801EAC365D009543FD /* PlaySoundsViewController.swift */; };
/* End PBXBuildFile section */

/* Begin PBXFileReference section */
		FC6DF2611EADB4BB003347E3 /* playsoundsviewcontroller-audio.swift */ = {isa = PBXFileReference; fileEncoding = 4; lastKnownFileType = sourcecode.swift; path = "playsoundsviewcontroller-audio.swift"; sourceTree = "<group>"; };
		FCB6136B1EAAB33D009543FD /* PitchPerfect.app */ = {isa = PBXFileReference; explicitFileType = wrapper.application; includeInIndex = 0; path = PitchPerfect.app; sourceTree = BUILT_PRODUCTS_DIR; };
		FCB6136E1EAAB33D009543FD /* AppDelegate.swift */ = {isa = PBXFileReference; lastKnownFileType = sourcecode.swift; path = AppDelegate.swift; sourceTree = "<group>"; };
		FCB613701EAAB33D009543FD /* RecordSoundsViewController.swift */ = {isa = PBXFileReference; lastKnownFileType = sourcecode.swift; path = RecordSoundsViewController.swift; sourceTree = "<group>"; };
		FCB613731EAAB33D009543FD /* Base */ = {isa = PBXFileReference; lastKnownFileType = file.storyboard; name = Base; path = Base.lproj/Main.storyboard; sourceTree = "<group>"; };
		FCB613751EAAB33D009543FD /* Assets.xcassets */ = {isa = PBXFileReference; lastKnownFileType = folder.assetcatalog; path = Assets.xcassets; sourceTree = "<group>"; };
		FCB613781EAAB33D009543FD /* Base */ = {isa = PBXFileReference; lastKnownFileType = file.storyboard; name = Base; path = Base.lproj/LaunchScreen.storyboard; sourceTree = "<group>"; };
		FCB6137A1EAAB33D009543FD /* Info.plist */ = {isa = PBXFileReference; lastKnownFileType = text.plist.xml; path = Info.plist; sourceTree = "<group>"; };
		FCB613801EAC365D009543FD /* PlaySoundsViewController.swift */ = {isa = PBXFileReference; fileEncoding = 4; lastKnownFileType = sourcecode.swift; path = PlaySoundsViewController.swift; sourceTree = "<group>"; };
/* End PBXFileReference section */

/* Begin PBXFrameworksBuildPhase section */
		FCB613681EAAB33D009543FD /* Frameworks */ = {
			isa = PBXFrameworksBuildPhase;
			buildActionMask = 2147483647;
			files = (
			);
			runOnlyForDeploymentPostprocessing = 0;
		};
/* End PBXFrameworksBuildPhase section */

/* Begin PBXGroup section */
		FCB613621EAAB33D009543FD = {
			isa = PBXGroup;
			children = (
				FCB6136D1EAAB33D009543FD /* PitchPerfect */,
				FCB6136C1EAAB33D009543FD /* Products */,
			);
			sourceTree = "<group>";
		};
		FCB6136C1EAAB33D009543FD /* Products */ = {
			isa = PBXGroup;
			children = (
				FCB6136B1EAAB33D009543FD /* PitchPerfect.app */,
			);
			name = Products;
			sourceTree = "<group>";
		};
		FCB6136D1EAAB33D009543FD /* PitchPerfect */ = {
			isa = PBXGroup;
			children = (
				FC6DF2611EADB4BB003347E3 /* playsoundsviewcontroller-audio.swift */,
				FCB6136E1EAAB33D009543FD /* AppDelegate.swift */,
				FCB613701EAAB33D009543FD /* RecordSoundsViewController.swift */,
				FCB613721EAAB33D009543FD /* Main.storyboard */,
				FCB613751EAAB33D009543FD /* Assets.xcassets */,
				FCB613771EAAB33D009543FD /* LaunchScreen.storyboard */,
				FCB6137A1EAAB33D009543FD /* Info.plist */,
				FCB613801EAC365D009543FD /* PlaySoundsViewController.swift */,
			);
			path = PitchPerfect;
			sourceTree = "<group>";
		};
/* End PBXGroup section */

/* Begin PBXNativeTarget section */
		FCB6136A1EAAB33D009543FD /* PitchPerfect */ = {
			isa = PBXNativeTarget;
			buildConfigurationList = FCB6137D1EAAB33D009543FD /* Build configuration list for PBXNativeTarget "PitchPerfect" */;
			buildPhases = (
				FCB613671EAAB33D009543FD /* Sources */,
				FCB613681EAAB33D009543FD /* Frameworks */,
				FCB613691EAAB33D009543FD /* Resources */,
			);
			buildRules = (
			);
			dependencies = (
			);
			name = PitchPerfect;
			productName = PitchPerfect;
			productReference = FCB6136B1EAAB33D009543FD /* PitchPerfect.app */;
			productType = "com.apple.product-type.application";
		};
/* End PBXNativeTarget section */

/* Begin PBXProject section */
		FCB613631EAAB33D009543FD /* Project object */ = {
			isa = PBXProject;
			attributes = {
				LastSwiftUpdateCheck = 0830;
				LastUpgradeCheck = 0830;
				ORGANIZATIONNAME = "Tuan-Lung Wang";
				TargetAttributes = {
					FCB6136A1EAAB33D009543FD = {
						CreatedOnToolsVersion = 8.3.1;
						DevelopmentTeam = ZC7YTS2F58;
						ProvisioningStyle = Automatic;
					};
				};
			};
			buildConfigurationList = FCB613661EAAB33D009543FD /* Build configuration list for PBXProject "PitchPerfect" */;
			compatibilityVersion = "Xcode 3.2";
			developmentRegion = English;
			hasScannedForEncodings = 0;
			knownRegions = (
				en,
				Base,
			);
			mainGroup = FCB613621EAAB33D009543FD;
			productRefGroup = FCB6136C1EAAB33D009543FD /* Products */;
			projectDirPath = "";
			projectRoot = "";
			targets = (
				FCB6136A1EAAB33D009543FD /* PitchPerfect */,
			);
		};
/* End PBXProject section */

/* Begin PBXResourcesBuildPhase section */
		FCB613691EAAB33D009543FD /* Resources */ = {
			isa = PBXResourcesBuildPhase;
			buildActionMask = 2147483647;
			files = (
				FCB613791EAAB33D009543FD /* LaunchScreen.storyboard in Resources */,
				FCB613761EAAB33D009543FD /* Assets.xcassets in Resources */,
				FCB613741EAAB33D009543FD /* Main.storyboard in Resources */,
			);
			runOnlyForDeploymentPostprocessing = 0;
		};
/* End PBXResourcesBuildPhase section */

/* Begin PBXSourcesBuildPhase section */
		FCB613671EAAB33D009543FD /* Sources */ = {
			isa = PBXSourcesBuildPhase;
			buildActionMask = 2147483647;
			files = (
				FCB613711EAAB33D009543FD /* RecordSoundsViewController.swift in Sources */,
				FCB613811EAC365D009543FD /* PlaySoundsViewController.swift in Sources */,
				FCB6136F1EAAB33D009543FD /* AppDelegate.swift in Sources */,
				FC6DF2621EADB4BB003347E3 /* playsoundsviewcontroller-audio.swift in Sources */,
			);
			runOnlyForDeploymentPostprocessing = 0;
		};
/* End PBXSourcesBuildPhase section */

/* Begin PBXVariantGroup section */
		FCB613721EAAB33D009543FD /* Main.storyboard */ = {
			isa = PBXVariantGroup;
			children = (
				FCB613731EAAB33D009543FD /* Base */,
			);
			name = Main.storyboard;
			sourceTree = "<group>";
		};
		FCB613771EAAB33D009543FD /* LaunchScreen.storyboard */ = {
			isa = PBXVariantGroup;
			children = (
				FCB613781EAAB33D009543FD /* Base */,
			);
			name = LaunchScreen.storyboard;
			sourceTree = "<group>";
		};
/* End PBXVariantGroup section */

/* Begin XCBuildConfiguration section */
		FCB6137B1EAAB33D009543FD /* Debug */ = {
			isa = XCBuildConfiguration;
			buildSettings = {
				ALWAYS_SEARCH_USER_PATHS = NO;
				CLANG_ANALYZER_NONNULL = YES;
				CLANG_ANALYZER_NUMBER_OBJECT_CONVERSION = YES_AGGRESSIVE;
				CLANG_CXX_LANGUAGE_STANDARD = "gnu++0x";
				CLANG_CXX_LIBRARY = "libc++";
				CLANG_ENABLE_MODULES = YES;
				CLANG_ENABLE_OBJC_ARC = YES;
				CLANG_WARN_BOOL_CONVERSION = YES;
				CLANG_WARN_CONSTANT_CONVERSION = YES;
				CLANG_WARN_DIRECT_OBJC_ISA_USAGE = YES_ERROR;
				CLANG_WARN_DOCUMENTATION_COMMENTS = YES;
				CLANG_WARN_EMPTY_BODY = YES;
				CLANG_WARN_ENUM_CONVERSION = YES;
				CLANG_WARN_INFINITE_RECURSION = YES;
				CLANG_WARN_INT_CONVERSION = YES;
				CLANG_WARN_OBJC_ROOT_CLASS = YES_ERROR;
				CLANG_WARN_SUSPICIOUS_MOVE = YES;
				CLANG_WARN_UNREACHABLE_CODE = YES;
				CLANG_WARN__DUPLICATE_METHOD_MATCH = YES;
				"CODE_SIGN_IDENTITY[sdk=iphoneos*]" = "iPhone Developer";
				COPY_PHASE_STRIP = NO;
				DEBUG_INFORMATION_FORMAT = dwarf;
				ENABLE_STRICT_OBJC_MSGSEND = YES;
				ENABLE_TESTABILITY = YES;
				GCC_C_LANGUAGE_STANDARD = gnu99;
				GCC_DYNAMIC_NO_PIC = NO;
				GCC_NO_COMMON_BLOCKS = YES;
				GCC_OPTIMIZATION_LEVEL = 0;
				GCC_PREPROCESSOR_DEFINITIONS = (
					"DEBUG=1",
					"$(inherited)",
				);
				GCC_WARN_64_TO_32_BIT_CONVERSION = YES;
				GCC_WARN_ABOUT_RETURN_TYPE = YES_ERROR;
				GCC_WARN_UNDECLARED_SELECTOR = YES;
				GCC_WARN_UNINITIALIZED_AUTOS = YES_AGGRESSIVE;
				GCC_WARN_UNUSED_FUNCTION = YES;
				GCC_WARN_UNUSED_VARIABLE = YES;
				IPHONEOS_DEPLOYMENT_TARGET = 10.3;
				MTL_ENABLE_DEBUG_INFO = YES;
				ONLY_ACTIVE_ARCH = YES;
				SDKROOT = iphoneos;
				SWIFT_ACTIVE_COMPILATION_CONDITIONS = DEBUG;
				SWIFT_OPTIMIZATION_LEVEL = "-Onone";
				TARGETED_DEVICE_FAMILY = "1,2";
			};
			name = Debug;
		};
		FCB6137C1EAAB33D009543FD /* Release */ = {
			isa = XCBuildConfiguration;
			buildSettings = {
				ALWAYS_SEARCH_USER_PATHS = NO;
				CLANG_ANALYZER_NONNULL = YES;
				CLANG_ANALYZER_NUMBER_OBJECT_CONVERSION = YES_AGGRESSIVE;
				CLANG_CXX_LANGUAGE_STANDARD = "gnu++0x";
				CLANG_CXX_LIBRARY = "libc++";
				CLANG_ENABLE_MODULES = YES;
				CLANG_ENABLE_OBJC_ARC = YES;
				CLANG_WARN_BOOL_CONVERSION = YES;
				CLANG_WARN_CONSTANT_CONVERSION = YES;
				CLANG_WARN_DIRECT_OBJC_ISA_USAGE = YES_ERROR;
				CLANG_WARN_DOCUMENTATION_COMMENTS = YES;
				CLANG_WARN_EMPTY_BODY = YES;
				CLANG_WARN_ENUM_CONVERSION = YES;
				CLANG_WARN_INFINITE_RECURSION = YES;
				CLANG_WARN_INT_CONVERSION = YES;
				CLANG_WARN_OBJC_ROOT_CLASS = YES_ERROR;
				CLANG_WARN_SUSPICIOUS_MOVE = YES;
				CLANG_WARN_UNREACHABLE_CODE = YES;
				CLANG_WARN__DUPLICATE_METHOD_MATCH = YES;
				"CODE_SIGN_IDENTITY[sdk=iphoneos*]" = "iPhone Developer";
				COPY_PHASE_STRIP = NO;
				DEBUG_INFORMATION_FORMAT = "dwarf-with-dsym";
				ENABLE_NS_ASSERTIONS = NO;
				ENABLE_STRICT_OBJC_MSGSEND = YES;
				GCC_C_LANGUAGE_STANDARD = gnu99;
				GCC_NO_COMMON_BLOCKS = YES;
				GCC_WARN_64_TO_32_BIT_CONVERSION = YES;
				GCC_WARN_ABOUT_RETURN_TYPE = YES_ERROR;
				GCC_WARN_UNDECLARED_SELECTOR = YES;
				GCC_WARN_UNINITIALIZED_AUTOS = YES_AGGRESSIVE;
				GCC_WARN_UNUSED_FUNCTION = YES;
				GCC_WARN_UNUSED_VARIABLE = YES;
				IPHONEOS_DEPLOYMENT_TARGET = 10.3;
				MTL_ENABLE_DEBUG_INFO = NO;
				SDKROOT = iphoneos;
				SWIFT_OPTIMIZATION_LEVEL = "-Owholemodule";
				TARGETED_DEVICE_FAMILY = "1,2";
				VALIDATE_PRODUCT = YES;
			};
			name = Release;
		};
		FCB6137E1EAAB33D009543FD /* Debug */ = {
			isa = XCBuildConfiguration;
			buildSettings = {
				ASSETCATALOG_COMPILER_APPICON_NAME = AppIcon;
				DEVELOPMENT_TEAM = ZC7YTS2F58;
				INFOPLIST_FILE = PitchPerfect/Info.plist;
				LD_RUNPATH_SEARCH_PATHS = "$(inherited) @executable_path/Frameworks";
				PRODUCT_BUNDLE_IDENTIFIER = "Tuan-Lung-Wang.PitchPerfect";
				PRODUCT_NAME = "$(TARGET_NAME)";
				SWIFT_VERSION = 3.0;
			};
			name = Debug;
		};
		FCB6137F1EAAB33D009543FD /* Release */ = {
			isa = XCBuildConfiguration;
			buildSettings = {
				ASSETCATALOG_COMPILER_APPICON_NAME = AppIcon;
				DEVELOPMENT_TEAM = ZC7YTS2F58;
				INFOPLIST_FILE = PitchPerfect/Info.plist;
				LD_RUNPATH_SEARCH_PATHS = "$(inherited) @executable_path/Frameworks";
				PRODUCT_BUNDLE_IDENTIFIER = "Tuan-Lung-Wang.PitchPerfect";
				PRODUCT_NAME = "$(TARGET_NAME)";
				SWIFT_VERSION = 3.0;
			};
			name = Release;
		};
/* End XCBuildConfiguration section */

/* Begin XCConfigurationList section */
		FCB613661EAAB33D009543FD /* Build configuration list for PBXProject "PitchPerfect" */ = {
			isa = XCConfigurationList;
			buildConfigurations = (
				FCB6137B1EAAB33D009543FD /* Debug */,
				FCB6137C1EAAB33D009543FD /* Release */,
			);
			defaultConfigurationIsVisible = 0;
			defaultConfigurationName = Release;
		};
		FCB6137D1EAAB33D009543FD /* Build configuration list for PBXNativeTarget "PitchPerfect" */ = {
			isa = XCConfigurationList;
			buildConfigurations = (
				FCB6137E1EAAB33D009543FD /* Debug */,
				FCB6137F1EAAB33D009543FD /* Release */,
			);
			defaultConfigurationIsVisible = 0;
			defaultConfigurationName = Release;
		};
/* End XCConfigurationList section */
	};
	rootObject = FCB613631EAAB33D009543FD /* Project object */;
}
